PODS:
  - camera_avfoundation (0.0.1):
    - Flutter
  - Flutter (1.0.0)
  - flutter_contacts (0.0.1):
    - Flutter
  - FMDB (2.7.5):
    - FMDB/standard (= 2.7.5)
  - FMDB/standard (2.7.5)
  - geocoding_ios (1.0.5):
    - Flutter
  - geolocator_apple (1.2.0):
    - Flutter
  - google_maps_flutter_ios (0.0.1):
    - Flutter
    - GoogleMaps (< 9.0)
  - GoogleMaps (5.2.0):
    - GoogleMaps/Maps (= 5.2.0)
  - GoogleMaps/Base (5.2.0)
  - GoogleMaps/Maps (5.2.0):
    - GoogleMaps/Base
  - path_provider_foundation (0.0.1):
    - Flutter
    - FlutterMacOS
  - phone_number (2.0.1):
    - Flutter
    - PhoneNumberKit/PhoneNumberKitCore (= 3.5.10)
  - PhoneNumberKit/PhoneNumberKitCore (3.5.10)
  - shared_preferences_foundation (0.0.1):
    - Flutter
    - FlutterMacOS
  - sqflite (0.0.3):
    - Flutter
    - FMDB (>= 2.7.5)

DEPENDENCIES:
  - camera_avfoundation (from `.symlinks/plugins/camera_avfoundation/ios`)
  - Flutter (from `Flutter`)
  - flutter_contacts (from `.symlinks/plugins/flutter_contacts/ios`)
  - geocoding_ios (from `.symlinks/plugins/geocoding_ios/ios`)
  - geolocator_apple (from `.symlinks/plugins/geolocator_apple/ios`)
  - google_maps_flutter_ios (from `.symlinks/plugins/google_maps_flutter_ios/ios`)
  - path_provider_foundation (from `.symlinks/plugins/path_provider_foundation/darwin`)
  - phone_number (from `.symlinks/plugins/phone_number/ios`)
  - PhoneNumberKit/PhoneNumberKitCore (from `https://github.com/marmelroy/PhoneNumberKit`, tag `3.5.10`)
  - shared_preferences_foundation (from `.symlinks/plugins/shared_preferences_foundation/darwin`)
  - sqflite (from `.symlinks/plugins/sqflite/ios`)

SPEC REPOS:
  trunk:
    - FMDB
    - GoogleMaps

EXTERNAL SOURCES:
  camera_avfoundation:
    :path: ".symlinks/plugins/camera_avfoundation/ios"
  Flutter:
    :path: Flutter
  flutter_contacts:
    :path: ".symlinks/plugins/flutter_contacts/ios"
  geocoding_ios:
    :path: ".symlinks/plugins/geocoding_ios/ios"
  geolocator_apple:
    :path: ".symlinks/plugins/geolocator_apple/ios"
  google_maps_flutter_ios:
    :path: ".symlinks/plugins/google_maps_flutter_ios/ios"
  path_provider_foundation:
    :path: ".symlinks/plugins/path_provider_foundation/darwin"
  phone_number:
    :path: ".symlinks/plugins/phone_number/ios"
  PhoneNumberKit:
    :git: https://github.com/marmelroy/PhoneNumberKit
    :tag: 3.5.10
  shared_preferences_foundation:
    :path: ".symlinks/plugins/shared_preferences_foundation/darwin"
  sqflite:
    :path: ".symlinks/plugins/sqflite/ios"

CHECKOUT OPTIONS:
  PhoneNumberKit:
    :git: https://github.com/marmelroy/PhoneNumberKit
    :tag: 3.5.10

SPEC CHECKSUMS:
  camera_avfoundation: 3125e8cd1a4387f6f31c6c63abb8a55892a9eeeb
  Flutter: f04841e97a9d0b0a8025694d0796dd46242b2854
  flutter_contacts: edb1c5ce76aa433e20e6cb14c615f4c0b66e0983
  FMDB: 2ce00b547f966261cd18927a3ddb07cb6f3db82a
  geocoding_ios: a389ea40f6f548de6e63006a2e31bf66ff80769a
  geolocator_apple: cc556e6844d508c95df1e87e3ea6fa4e58c50401
  google_maps_flutter_ios: 590249c67f34f422122c232f2a626192adbc78ee
  GoogleMaps: 025272d5876d3b32604e5c080dc25eaf68764693
  path_provider_foundation: c68054786f1b4f3343858c1e1d0caaded73f0be9
  phone_number: 3f4cef3301f0df6a8cc76d66d48968d63a2cf8ea
  PhoneNumberKit: 0e34a6e8a50e4624e96a4710bc4a7211464a934e
  shared_preferences_foundation: 5b919d13b803cadd15ed2dc053125c68730e5126
  sqflite: 31f7eba61e3074736dff8807a9b41581e4f7f15a

PODFILE CHECKSUM: 1d41fcb5828700c8b0be369536ba98e26f9d3bc5

COCOAPODS: 1.14.3
